
Microsoft Visual Studio Solution File, Format Version 12.00
# Visual Studio 15
VisualStudioVersion = 15.0.27428.1
MinimumVisualStudioVersion = 10.0.40219.1
Project("{9A19103F-16F7-4668-BE54-9A1E7A4F7556}") = "Desafio", "Desafio\Desafio.csproj", "{874C3F81-94D4-4D66-8F95-BA16B62FC09C}"
EndProject
Project("{FAE04EC0-301F-11D3-BF4B-00C04F79EFBC}") = "Domain", "Domain\Domain.csproj", "{91211E2D-F3F0-4AC0-9A3E-046049870C86}"
EndProject
Project("{FAE04EC0-301F-11D3-BF4B-00C04F79EFBC}") = "Service", "WebService\Service.csproj", "{86AF4368-9920-4286-AC3C-C5C7CEEECFF2}"
EndProject
Project("{FAE04EC0-301F-11D3-BF4B-00C04F79EFBC}") = "DesafioTest", "DesafioTest\DesafioTest.csproj", "{24FB1B77-2246-41A9-B94C-811C86A9F965}"
EndProject
Global
	GlobalSection(SolutionConfigurationPlatforms) = preSolution
		Debug|Any CPU = Debug|Any CPU
		Release|Any CPU = Release|Any CPU
	EndGlobalSection
	GlobalSection(ProjectConfigurationPlatforms) = postSolution
		{874C3F81-94D4-4D66-8F95-BA16B62FC09C}.Debug|Any CPU.ActiveCfg = Debug|Any CPU
		{874C3F81-94D4-4D66-8F95-BA16B62FC09C}.Debug|Any CPU.Build.0 = Debug|Any CPU
		{874C3F81-94D4-4D66-8F95-BA16B62FC09C}.Release|Any CPU.ActiveCfg = Release|Any CPU
		{874C3F81-94D4-4D66-8F95-BA16B62FC09C}.Release|Any CPU.Build.0 = Release|Any CPU
		{91211E2D-F3F0-4AC0-9A3E-046049870C86}.Debug|Any CPU.ActiveCfg = Debug|Any CPU
		{91211E2D-F3F0-4AC0-9A3E-046049870C86}.Debug|Any CPU.Build.0 = Debug|Any CPU
		{91211E2D-F3F0-4AC0-9A3E-046049870C86}.Release|Any CPU.ActiveCfg = Release|Any CPU
		{91211E2D-F3F0-4AC0-9A3E-046049870C86}.Release|Any CPU.Build.0 = Release|Any CPU
		{86AF4368-9920-4286-AC3C-C5C7CEEECFF2}.Debug|Any CPU.ActiveCfg = Debug|Any CPU
		{86AF4368-9920-4286-AC3C-C5C7CEEECFF2}.Debug|Any CPU.Build.0 = Debug|Any CPU
		{86AF4368-9920-4286-AC3C-C5C7CEEECFF2}.Release|Any CPU.ActiveCfg = Release|Any CPU
		{86AF4368-9920-4286-AC3C-C5C7CEEECFF2}.Release|Any CPU.Build.0 = Release|Any CPU
		{24FB1B77-2246-41A9-B94C-811C86A9F965}.Debug|Any CPU.ActiveCfg = Debug|Any CPU
		{24FB1B77-2246-41A9-B94C-811C86A9F965}.Debug|Any CPU.Build.0 = Debug|Any CPU
		{24FB1B77-2246-41A9-B94C-811C86A9F965}.Release|Any CPU.ActiveCfg = Release|Any CPU
		{24FB1B77-2246-41A9-B94C-811C86A9F965}.Release|Any CPU.Build.0 = Release|Any CPU
	EndGlobalSection
	GlobalSection(SolutionProperties) = preSolution
		HideSolutionNode = FALSE
	EndGlobalSection
	GlobalSection(ExtensibilityGlobals) = postSolution
		SolutionGuid = {4D082DED-8DEA-4AD8-A536-5CC0E78122A7}
	EndGlobalSection
EndGlobal
